
Microsoft Visual Studio Solution File, Format Version 12.00
# Visual Studio Version 17
VisualStudioVersion = 17.5.33516.290
MinimumVisualStudioVersion = 10.0.40219.1
Project("{FAE04EC0-301F-11D3-BF4B-00C04F79EFBC}") = "Marathon", "Marathon.csproj", "{BC2521EB-F74C-4FFB-A054-C6D1858DD836}"
EndProject
Global
	GlobalSection(SolutionConfigurationPlatforms) = preSolution
		Debug|Any CPU = Debug|Any CPU
		Release|Any CPU = Release|Any CPU
	EndGlobalSection
	GlobalSection(ProjectConfigurationPlatforms) = postSolution
		{BC2521EB-F74C-4FFB-A054-C6D1858DD836}.Debug|Any CPU.ActiveCfg = Debug|Any CPU
		{BC2521EB-F74C-4FFB-A054-C6D1858DD836}.Debug|Any CPU.Build.0 = Debug|Any CPU
		{BC2521EB-F74C-4FFB-A054-C6D1858DD836}.Release|Any CPU.ActiveCfg = Release|Any CPU
		{BC2521EB-F74C-4FFB-A054-C6D1858DD836}.Release|Any CPU.Build.0 = Release|Any CPU
	EndGlobalSection
	GlobalSection(SolutionProperties) = preSolution
		HideSolutionNode = FALSE
	EndGlobalSection
	GlobalSection(ExtensibilityGlobals) = postSolution
		SolutionGuid = {FC3EB0D3-FBD6-4F51-B272-A30DDA70D0C9}
	EndGlobalSection
EndGlobal
